
Microsoft Visual Studio Solution File, Format Version 12.00
# Visual Studio Version 17
VisualStudioVersion = 17.9.34728.123
MinimumVisualStudioVersion = 10.0.40219.1
Project("{9A19103F-16F7-4668-BE54-9A1E7A4F7556}") = "TestObservableCollection", "TestObservableCollection.csproj", "{0BA94AC9-282C-4640-8202-D04F64797B0E}"
EndProject
Global
	GlobalSection(SolutionConfigurationPlatforms) = preSolution
		Debug|Any CPU = Debug|Any CPU
		Release|Any CPU = Release|Any CPU
	EndGlobalSection
	GlobalSection(ProjectConfigurationPlatforms) = postSolution
		{0BA94AC9-282C-4640-8202-D04F64797B0E}.Debug|Any CPU.ActiveCfg = Debug|Any CPU
		{0BA94AC9-282C-4640-8202-D04F64797B0E}.Debug|Any CPU.Build.0 = Debug|Any CPU
		{0BA94AC9-282C-4640-8202-D04F64797B0E}.Release|Any CPU.ActiveCfg = Release|Any CPU
		{0BA94AC9-282C-4640-8202-D04F64797B0E}.Release|Any CPU.Build.0 = Release|Any CPU
	EndGlobalSection
	GlobalSection(SolutionProperties) = preSolution
		HideSolutionNode = FALSE
	EndGlobalSection
	GlobalSection(ExtensibilityGlobals) = postSolution
		SolutionGuid = {14C1FD16-EC73-467E-A0BB-21EE756454A6}
	EndGlobalSection
EndGlobal
